{
  "name": "speakingwords",
  "version": "0.3.1",
  "lockfileVersion": 3,
  "requires": true,
  "packages": {
    "": {
      "name": "speakingwords",
      "version": "0.3.1",
      "license": "MIT",
      "dependencies": {
        "speakingwords": "^0.3.1"
      },
      "bin": {
        "speakingwords": "bin/speakingwords.js"
      },
      "engines": {
        "node": ">=18"
      }
    },
    "node_modules/speakingwords": {
      "version": "0.3.1",
      "resolved": "https://registry.npmjs.org/speakingwords/-/speakingwords-0.3.1.tgz",
      "integrity": "sha512-tcEAkmDkeWiGa/LL+y3avbavYepPiKnnomatm4hM2h5Q0EbV7LY2gqIpclnfAliDFqPSrzxqgxKaPwZfev2cOQ==",
      "license": "MIT",
      "dependencies": {
        "speakingwords": "^0.3.0"
      },
      "bin": {
        "speakingwords": "bin/speakingwords.js"
      },
      "engines": {
        "node": ">=18"
      }
    }
  }
}
