{
  "name": "speakingwords",
  "version": "0.2.0",
  "lockfileVersion": 3,
  "requires": true,
  "packages": {
    "": {
      "name": "speakingwords",
      "version": "0.2.0",
      "license": "MIT",
      "dependencies": {
        "speakingwords": "^0.2.0"
      },
      "bin": {
        "speakingwords": "bin/speakingwords.js"
      },
      "engines": {
        "node": ">=18"
      }
    },
    "node_modules/speakingwords": {
      "version": "0.2.0",
      "resolved": "https://registry.npmjs.org/speakingwords/-/speakingwords-0.2.0.tgz",
      "integrity": "sha512-ceLTVGTuJpJc1SSp2p6SuEakgc6HF59o+eh9HTM/A1PphDL0moJKj3Bi7VuNU7bShrRehLuFYMgkON80apzOxw==",
      "license": "MIT",
      "dependencies": {
        "speakingwords": "^0.2.0"
      },
      "bin": {
        "speakingwords": "bin/speakingwords.js"
      },
      "engines": {
        "node": ">=18"
      }
    }
  }
}
