{
  "name": "speakingwords",
  "version": "0.3.0",
  "lockfileVersion": 3,
  "requires": true,
  "packages": {
    "": {
      "name": "speakingwords",
      "version": "0.3.0",
      "license": "MIT",
      "dependencies": {
        "speakingwords": "^0.3.0"
      },
      "bin": {
        "speakingwords": "bin/speakingwords.js"
      },
      "engines": {
        "node": ">=18"
      }
    },
    "node_modules/speakingwords": {
      "version": "0.3.0",
      "resolved": "https://registry.npmjs.org/speakingwords/-/speakingwords-0.3.0.tgz",
      "integrity": "sha512-uG1ro1J4B8XQ1EoH/IczBDCChHf4niKopdAtNvmD7lC6O8WtR1UipHLza7/1nZfMBS9m09E7mpY77lpTWRbefg==",
      "license": "MIT",
      "dependencies": {
        "speakingwords": "^0.3.0"
      },
      "bin": {
        "speakingwords": "bin/speakingwords.js"
      },
      "engines": {
        "node": ">=18"
      }
    }
  }
}
